{
  "name": "playground",
  "lockfileVersion": 3,
  "requires": true,
  "packages": {
    "": {
      "name": "playground",
      "devDependencies": {
        "@sot1986/appsync-validator": "file:../"
      },
      "peerDependencies": {
        "@aws-appsync/utils": "^2.0.3"
      }
    },
    "..": {
      "name": "@sot1986/appsync-validator",
      "version": "1.0.0",
      "dev": true,
      "license": "MIT",
      "devDependencies": {
        "@antfu/eslint-config": "^6.7.3",
        "@aws-appsync/eslint-plugin": "^2.0.2",
        "@types/node": "^25.0.3",
        "@typescript-eslint/parser": "^8.50.1",
        "esbuild": "^0.27.2",
        "eslint": "^9.39.2",
        "tsdown": "^0.18.3",
        "tsx": "^4.21.0",
        "typescript": "^5.0.0",
        "typescript-eslint": "^8.50.1",
        "vitest": "^4.0.16"
      },
      "peerDependencies": {
        "@aws-appsync/utils": "^2.0.3"
      }
    },
    "node_modules/@aws-appsync/utils": {
      "version": "2.0.3",
      "resolved": "https://registry.npmjs.org/@aws-appsync/utils/-/utils-2.0.3.tgz",
      "integrity": "sha512-JWzpKMfCAwphcM9ZOrISl6SAE/o2y5IphqNIwPwdolr6EBDlufMAe11CQh3kw3ryoXavgh5K+JvFe3OUWaoZHQ==",
      "license": "Apache-2.0",
      "peer": true
    },
    "node_modules/@sot1986/appsync-validator": {
      "resolved": "..",
      "link": true
    }
  }
}
